
Microsoft Visual Studio Solution File, Format Version 12.00
# Visual Studio Version 17
VisualStudioVersion = 17.9.34622.214
MinimumVisualStudioVersion = 10.0.40219.1
Project("{FAE04EC0-301F-11D3-BF4B-00C04F79EFBC}") = "RestaurantMenuDesigner", "RestaurantMenuDesigner\RestaurantMenuDesigner.csproj", "{1B003458-3403-40DF-94A9-0F5A58860171}"
EndProject
Global
	GlobalSection(SolutionConfigurationPlatforms) = preSolution
		Debug|Any CPU = Debug|Any CPU
		Release|Any CPU = Release|Any CPU
	EndGlobalSection
	GlobalSection(ProjectConfigurationPlatforms) = postSolution
		{1B003458-3403-40DF-94A9-0F5A58860171}.Debug|Any CPU.ActiveCfg = Debug|Any CPU
		{1B003458-3403-40DF-94A9-0F5A58860171}.Debug|Any CPU.Build.0 = Debug|Any CPU
		{1B003458-3403-40DF-94A9-0F5A58860171}.Release|Any CPU.ActiveCfg = Release|Any CPU
		{1B003458-3403-40DF-94A9-0F5A58860171}.Release|Any CPU.Build.0 = Release|Any CPU
	EndGlobalSection
	GlobalSection(SolutionProperties) = preSolution
		HideSolutionNode = FALSE
	EndGlobalSection
	GlobalSection(ExtensibilityGlobals) = postSolution
		SolutionGuid = {7718A433-BEE2-469A-B2E3-45C7CD2918C4}
	EndGlobalSection
EndGlobal
